
Microsoft Visual Studio Solution File, Format Version 12.00
# Visual Studio Version 17
VisualStudioVersion = 17.10.35122.118
MinimumVisualStudioVersion = 10.0.40219.1
Project("{9A19103F-16F7-4668-BE54-9A1E7A4F7556}") = "ContactApi", "ContactApi\ContactApi.csproj", "{9E55E74C-2152-4C92-BA9D-BA6304957A93}"
EndProject
Project("{9A19103F-16F7-4668-BE54-9A1E7A4F7556}") = "Infrastructure", "Infrastructure\Infrastructure.csproj", "{08FD260E-C7FD-4E5A-9E7D-16B1059C2A48}"
EndProject
Project("{9A19103F-16F7-4668-BE54-9A1E7A4F7556}") = "Domain", "Domain\Domain.csproj", "{524DF736-E0F1-419D-8F75-A7628B3D3E21}"
EndProject
Project("{2150E333-8FDC-42A3-9474-1A3956D46DE8}") = "Solution Items", "Solution Items", "{133E284F-F2E8-4F12-A65D-569BF411909A}"
	ProjectSection(SolutionItems) = preProject
		..\..\..\Downloads\db.sql = ..\..\..\Downloads\db.sql
	EndProjectSection
EndProject
Global
	GlobalSection(SolutionConfigurationPlatforms) = preSolution
		Debug|Any CPU = Debug|Any CPU
		Release|Any CPU = Release|Any CPU
	EndGlobalSection
	GlobalSection(ProjectConfigurationPlatforms) = postSolution
		{9E55E74C-2152-4C92-BA9D-BA6304957A93}.Debug|Any CPU.ActiveCfg = Debug|Any CPU
		{9E55E74C-2152-4C92-BA9D-BA6304957A93}.Debug|Any CPU.Build.0 = Debug|Any CPU
		{9E55E74C-2152-4C92-BA9D-BA6304957A93}.Release|Any CPU.ActiveCfg = Release|Any CPU
		{9E55E74C-2152-4C92-BA9D-BA6304957A93}.Release|Any CPU.Build.0 = Release|Any CPU
		{08FD260E-C7FD-4E5A-9E7D-16B1059C2A48}.Debug|Any CPU.ActiveCfg = Debug|Any CPU
		{08FD260E-C7FD-4E5A-9E7D-16B1059C2A48}.Debug|Any CPU.Build.0 = Debug|Any CPU
		{08FD260E-C7FD-4E5A-9E7D-16B1059C2A48}.Release|Any CPU.ActiveCfg = Release|Any CPU
		{08FD260E-C7FD-4E5A-9E7D-16B1059C2A48}.Release|Any CPU.Build.0 = Release|Any CPU
		{524DF736-E0F1-419D-8F75-A7628B3D3E21}.Debug|Any CPU.ActiveCfg = Debug|Any CPU
		{524DF736-E0F1-419D-8F75-A7628B3D3E21}.Debug|Any CPU.Build.0 = Debug|Any CPU
		{524DF736-E0F1-419D-8F75-A7628B3D3E21}.Release|Any CPU.ActiveCfg = Release|Any CPU
		{524DF736-E0F1-419D-8F75-A7628B3D3E21}.Release|Any CPU.Build.0 = Release|Any CPU
	EndGlobalSection
	GlobalSection(SolutionProperties) = preSolution
		HideSolutionNode = FALSE
	EndGlobalSection
	GlobalSection(ExtensibilityGlobals) = postSolution
		SolutionGuid = {51C37A05-A527-4EDC-960D-3F08C1ED406D}
	EndGlobalSection
EndGlobal
